
Microsoft Visual Studio Solution File, Format Version 12.00
# Visual Studio 15
VisualStudioVersion = 15.0.28307.271
MinimumVisualStudioVersion = 10.0.40219.1
Project("{9A19103F-16F7-4668-BE54-9A1E7A4F7556}") = "backendAPI", "backendAPI\backendAPI.csproj", "{C39F55CF-8427-428D-B62E-3C2736E38D35}"
EndProject
Project("{9A19103F-16F7-4668-BE54-9A1E7A4F7556}") = "ControllerUnitTest", "ControllerUnitTest\ControllerUnitTest.csproj", "{3EBD3A73-7D1D-47A2-8CAB-252B1CACF26B}"
EndProject
Project("{FAE04EC0-301F-11D3-BF4B-00C04F79EFBC}") = "TestingOneTwo", "TestingOneTwo\TestingOneTwo.csproj", "{B57A6E83-8E64-4971-B4E2-A2BEDA926907}"
EndProject
Project("{FAE04EC0-301F-11D3-BF4B-00C04F79EFBC}") = "ConnectionToDatabase", "..\ConnectionToDatabase\ConnectionToDatabase\ConnectionToDatabase.csproj", "{5B099485-330E-4AB6-BBF1-9DFF57BE0C51}"
EndProject
Project("{FAE04EC0-301F-11D3-BF4B-00C04F79EFBC}") = "ConnectionToDatabase.Test", "..\ConnectionToDatabase\ConnectionToDatabase.Test\ConnectionToDatabase.Test.csproj", "{53F78808-E32A-47F9-9AD5-01CEC05E2548}"
EndProject
Project("{FAE04EC0-301F-11D3-BF4B-00C04F79EFBC}") = "ReadFromDatabase", "..\ReadFromDatabase\ReadFromDatabase\ReadFromDatabase.csproj", "{89A01CAA-5A09-4997-8A0C-21DD14686DB9}"
EndProject
Project("{FAE04EC0-301F-11D3-BF4B-00C04F79EFBC}") = "ReadFromDatabase.Test", "..\ReadFromDatabase\ReadFromDatabase.Test\ReadFromDatabase.Test.csproj", "{2D085CAF-B0E5-4B7B-BE26-72E228B4FC5C}"
EndProject
Global
	GlobalSection(SolutionConfigurationPlatforms) = preSolution
		Debug|Any CPU = Debug|Any CPU
		Release|Any CPU = Release|Any CPU
	EndGlobalSection
	GlobalSection(ProjectConfigurationPlatforms) = postSolution
		{C39F55CF-8427-428D-B62E-3C2736E38D35}.Debug|Any CPU.ActiveCfg = Debug|Any CPU
		{C39F55CF-8427-428D-B62E-3C2736E38D35}.Debug|Any CPU.Build.0 = Debug|Any CPU
		{C39F55CF-8427-428D-B62E-3C2736E38D35}.Release|Any CPU.ActiveCfg = Release|Any CPU
		{C39F55CF-8427-428D-B62E-3C2736E38D35}.Release|Any CPU.Build.0 = Release|Any CPU
		{3EBD3A73-7D1D-47A2-8CAB-252B1CACF26B}.Debug|Any CPU.ActiveCfg = Debug|Any CPU
		{3EBD3A73-7D1D-47A2-8CAB-252B1CACF26B}.Debug|Any CPU.Build.0 = Debug|Any CPU
		{3EBD3A73-7D1D-47A2-8CAB-252B1CACF26B}.Release|Any CPU.ActiveCfg = Release|Any CPU
		{3EBD3A73-7D1D-47A2-8CAB-252B1CACF26B}.Release|Any CPU.Build.0 = Release|Any CPU
		{B57A6E83-8E64-4971-B4E2-A2BEDA926907}.Debug|Any CPU.ActiveCfg = Debug|Any CPU
		{B57A6E83-8E64-4971-B4E2-A2BEDA926907}.Debug|Any CPU.Build.0 = Debug|Any CPU
		{B57A6E83-8E64-4971-B4E2-A2BEDA926907}.Release|Any CPU.ActiveCfg = Release|Any CPU
		{B57A6E83-8E64-4971-B4E2-A2BEDA926907}.Release|Any CPU.Build.0 = Release|Any CPU
		{5B099485-330E-4AB6-BBF1-9DFF57BE0C51}.Debug|Any CPU.ActiveCfg = Debug|Any CPU
		{5B099485-330E-4AB6-BBF1-9DFF57BE0C51}.Debug|Any CPU.Build.0 = Debug|Any CPU
		{5B099485-330E-4AB6-BBF1-9DFF57BE0C51}.Release|Any CPU.ActiveCfg = Release|Any CPU
		{5B099485-330E-4AB6-BBF1-9DFF57BE0C51}.Release|Any CPU.Build.0 = Release|Any CPU
		{53F78808-E32A-47F9-9AD5-01CEC05E2548}.Debug|Any CPU.ActiveCfg = Debug|Any CPU
		{53F78808-E32A-47F9-9AD5-01CEC05E2548}.Debug|Any CPU.Build.0 = Debug|Any CPU
		{53F78808-E32A-47F9-9AD5-01CEC05E2548}.Release|Any CPU.ActiveCfg = Release|Any CPU
		{53F78808-E32A-47F9-9AD5-01CEC05E2548}.Release|Any CPU.Build.0 = Release|Any CPU
		{89A01CAA-5A09-4997-8A0C-21DD14686DB9}.Debug|Any CPU.ActiveCfg = Debug|Any CPU
		{89A01CAA-5A09-4997-8A0C-21DD14686DB9}.Debug|Any CPU.Build.0 = Debug|Any CPU
		{89A01CAA-5A09-4997-8A0C-21DD14686DB9}.Release|Any CPU.ActiveCfg = Release|Any CPU
		{89A01CAA-5A09-4997-8A0C-21DD14686DB9}.Release|Any CPU.Build.0 = Release|Any CPU
		{2D085CAF-B0E5-4B7B-BE26-72E228B4FC5C}.Debug|Any CPU.ActiveCfg = Debug|Any CPU
		{2D085CAF-B0E5-4B7B-BE26-72E228B4FC5C}.Debug|Any CPU.Build.0 = Debug|Any CPU
		{2D085CAF-B0E5-4B7B-BE26-72E228B4FC5C}.Release|Any CPU.ActiveCfg = Release|Any CPU
		{2D085CAF-B0E5-4B7B-BE26-72E228B4FC5C}.Release|Any CPU.Build.0 = Release|Any CPU
	EndGlobalSection
	GlobalSection(SolutionProperties) = preSolution
		HideSolutionNode = FALSE
	EndGlobalSection
	GlobalSection(ExtensibilityGlobals) = postSolution
		SolutionGuid = {AB097D6F-A4CD-43D4-9837-8E05AD000460}
	EndGlobalSection
EndGlobal
