
Microsoft Visual Studio Solution File, Format Version 12.00
# Visual Studio 15
VisualStudioVersion = 15.0.28307.329
MinimumVisualStudioVersion = 10.0.40219.1
Project("{FAE04EC0-301F-11D3-BF4B-00C04F79EFBC}") = "ConnectionToDatabase", "ConnectionToDatabase\ConnectionToDatabase.csproj", "{5B099485-330E-4AB6-BBF1-9DFF57BE0C51}"
EndProject
Project("{FAE04EC0-301F-11D3-BF4B-00C04F79EFBC}") = "ConnectionToDatabase.Test", "ConnectionToDatabase.Test\ConnectionToDatabase.Test.csproj", "{53F78808-E32A-47F9-9AD5-01CEC05E2548}"
EndProject
Global
	GlobalSection(SolutionConfigurationPlatforms) = preSolution
		Debug|Any CPU = Debug|Any CPU
		Release|Any CPU = Release|Any CPU
	EndGlobalSection
	GlobalSection(ProjectConfigurationPlatforms) = postSolution
		{5B099485-330E-4AB6-BBF1-9DFF57BE0C51}.Debug|Any CPU.ActiveCfg = Debug|Any CPU
		{5B099485-330E-4AB6-BBF1-9DFF57BE0C51}.Debug|Any CPU.Build.0 = Debug|Any CPU
		{5B099485-330E-4AB6-BBF1-9DFF57BE0C51}.Release|Any CPU.ActiveCfg = Release|Any CPU
		{5B099485-330E-4AB6-BBF1-9DFF57BE0C51}.Release|Any CPU.Build.0 = Release|Any CPU
		{53F78808-E32A-47F9-9AD5-01CEC05E2548}.Debug|Any CPU.ActiveCfg = Debug|Any CPU
		{53F78808-E32A-47F9-9AD5-01CEC05E2548}.Debug|Any CPU.Build.0 = Debug|Any CPU
		{53F78808-E32A-47F9-9AD5-01CEC05E2548}.Release|Any CPU.ActiveCfg = Release|Any CPU
		{53F78808-E32A-47F9-9AD5-01CEC05E2548}.Release|Any CPU.Build.0 = Release|Any CPU
	EndGlobalSection
	GlobalSection(SolutionProperties) = preSolution
		HideSolutionNode = FALSE
	EndGlobalSection
	GlobalSection(ExtensibilityGlobals) = postSolution
		SolutionGuid = {EFF44345-5C81-48C2-9873-62F0F69A5505}
	EndGlobalSection
EndGlobal
