
Microsoft Visual Studio Solution File, Format Version 12.00
# Visual Studio 15
VisualStudioVersion = 15.0.28307.329
MinimumVisualStudioVersion = 10.0.40219.1
Project("{FAE04EC0-301F-11D3-BF4B-00C04F79EFBC}") = "ConnectionToDatabase", "ConnectDatabase\ConnectionToDatabase.csproj", "{DC350CA2-5B0D-4E76-886D-C2A3E6643581}"
EndProject
Project("{FAE04EC0-301F-11D3-BF4B-00C04F79EFBC}") = "ConnectionToDatabase.test", "ConnectDatabase.test\ConnectionToDatabase.test.csproj", "{9DEBE815-FB4B-4C85-9767-7BB92F673793}"
EndProject
Global
	GlobalSection(SolutionConfigurationPlatforms) = preSolution
		Debug|Any CPU = Debug|Any CPU
		Release|Any CPU = Release|Any CPU
	EndGlobalSection
	GlobalSection(ProjectConfigurationPlatforms) = postSolution
		{DC350CA2-5B0D-4E76-886D-C2A3E6643581}.Debug|Any CPU.ActiveCfg = Debug|Any CPU
		{DC350CA2-5B0D-4E76-886D-C2A3E6643581}.Debug|Any CPU.Build.0 = Debug|Any CPU
		{DC350CA2-5B0D-4E76-886D-C2A3E6643581}.Release|Any CPU.ActiveCfg = Release|Any CPU
		{DC350CA2-5B0D-4E76-886D-C2A3E6643581}.Release|Any CPU.Build.0 = Release|Any CPU
		{9DEBE815-FB4B-4C85-9767-7BB92F673793}.Debug|Any CPU.ActiveCfg = Debug|Any CPU
		{9DEBE815-FB4B-4C85-9767-7BB92F673793}.Debug|Any CPU.Build.0 = Debug|Any CPU
		{9DEBE815-FB4B-4C85-9767-7BB92F673793}.Release|Any CPU.ActiveCfg = Release|Any CPU
		{9DEBE815-FB4B-4C85-9767-7BB92F673793}.Release|Any CPU.Build.0 = Release|Any CPU
	EndGlobalSection
	GlobalSection(SolutionProperties) = preSolution
		HideSolutionNode = FALSE
	EndGlobalSection
	GlobalSection(ExtensibilityGlobals) = postSolution
		SolutionGuid = {8738A9F9-4916-4246-8EFE-587A4FE5D9AE}
	EndGlobalSection
EndGlobal
